# THIS IS AN AUTOGENERATED FILE. DO NOT EDIT THIS FILE DIRECTLY.
# yarn lockfile v1


reveal.js@^4.0.2:
  version "4.0.2"
  resolved "https://registry.yarnpkg.com/reveal.js/-/reveal.js-4.0.2.tgz#2e5e9f8ed0fa239924b448f21d4238c5aa6e852e"
  integrity sha512-LWZSUenufF1gpD7npxJ7KfoQQFKgc1D6XrLTFgKlwWNP1BQ74hT48KONFWMAw+8R/QUeaScCLCLrBVHDfFIEiw==

tiddlywiki@^5.1.21:
  version "5.1.22"
  resolved "https://registry.yarnpkg.com/tiddlywiki/-/tiddlywiki-5.1.22.tgz#09a7ed46f6ed08791ecf424ff7c4f3ed1c682618"
  integrity sha512-Iav0iC9SnwN6HTYGRfEI7kYDoq+hlKr9fw9o8aTs0wxMp0UzqlvthGwlK1JwrdVIRL92no1lpVGhQQj16ncSQQ==
